
Microsoft Visual Studio Solution File, Format Version 12.00
Project("{FAE04EC0-301F-11D3-BF4B-00C04F79EFBC}") = "BasicUnitTesters", "BasicUnitTesters\BasicUnitTesters.csproj", "{3DC98F28-4458-41A5-81D4-526DBE78DE03}"
EndProject
Project("{FAE04EC0-301F-11D3-BF4B-00C04F79EFBC}") = "FakeNetworks", "FakeNetworks\FakeNetworks.csproj", "{17875382-9A7D-4F43-9A63-EF1EEECD391B}"
EndProject
Project("{FAE04EC0-301F-11D3-BF4B-00C04F79EFBC}") = "FakeNetworks.Test", "FakeNetworks.Test\FakeNetworks.Test.csproj", "{EB3C6D13-9408-403A-B840-A390FF96CA1C}"
EndProject
Global
	GlobalSection(SolutionConfigurationPlatforms) = preSolution
		Debug|Any CPU = Debug|Any CPU
		Release|Any CPU = Release|Any CPU
	EndGlobalSection
	GlobalSection(ProjectConfigurationPlatforms) = postSolution
		{3DC98F28-4458-41A5-81D4-526DBE78DE03}.Debug|Any CPU.ActiveCfg = Debug|Any CPU
		{3DC98F28-4458-41A5-81D4-526DBE78DE03}.Debug|Any CPU.Build.0 = Debug|Any CPU
		{3DC98F28-4458-41A5-81D4-526DBE78DE03}.Release|Any CPU.ActiveCfg = Release|Any CPU
		{3DC98F28-4458-41A5-81D4-526DBE78DE03}.Release|Any CPU.Build.0 = Release|Any CPU
		{17875382-9A7D-4F43-9A63-EF1EEECD391B}.Debug|Any CPU.ActiveCfg = Debug|Any CPU
		{17875382-9A7D-4F43-9A63-EF1EEECD391B}.Debug|Any CPU.Build.0 = Debug|Any CPU
		{17875382-9A7D-4F43-9A63-EF1EEECD391B}.Release|Any CPU.ActiveCfg = Release|Any CPU
		{17875382-9A7D-4F43-9A63-EF1EEECD391B}.Release|Any CPU.Build.0 = Release|Any CPU
		{EB3C6D13-9408-403A-B840-A390FF96CA1C}.Debug|Any CPU.ActiveCfg = Debug|Any CPU
		{EB3C6D13-9408-403A-B840-A390FF96CA1C}.Debug|Any CPU.Build.0 = Debug|Any CPU
		{EB3C6D13-9408-403A-B840-A390FF96CA1C}.Release|Any CPU.ActiveCfg = Release|Any CPU
		{EB3C6D13-9408-403A-B840-A390FF96CA1C}.Release|Any CPU.Build.0 = Release|Any CPU
	EndGlobalSection
EndGlobal
